
Microsoft Visual Studio Solution File, Format Version 12.00
# Visual Studio Version 16
VisualStudioVersion = 16.0.32602.291
MinimumVisualStudioVersion = 10.0.40219.1
Project("{FAE04EC0-301F-11D3-BF4B-00C04F79EFBC}") = "PROG7311_POE_TASK2_ST10119567", "PROG7311_POE_TASK2_ST10119567.csproj", "{4A0046A4-70C7-403D-AF70-34ADD59BA961}"
EndProject
Global
	GlobalSection(SolutionConfigurationPlatforms) = preSolution
		Debug|Any CPU = Debug|Any CPU
		Release|Any CPU = Release|Any CPU
	EndGlobalSection
	GlobalSection(ProjectConfigurationPlatforms) = postSolution
		{4A0046A4-70C7-403D-AF70-34ADD59BA961}.Debug|Any CPU.ActiveCfg = Debug|Any CPU
		{4A0046A4-70C7-403D-AF70-34ADD59BA961}.Debug|Any CPU.Build.0 = Debug|Any CPU
		{4A0046A4-70C7-403D-AF70-34ADD59BA961}.Release|Any CPU.ActiveCfg = Release|Any CPU
		{4A0046A4-70C7-403D-AF70-34ADD59BA961}.Release|Any CPU.Build.0 = Release|Any CPU
	EndGlobalSection
	GlobalSection(SolutionProperties) = preSolution
		HideSolutionNode = FALSE
	EndGlobalSection
	GlobalSection(ExtensibilityGlobals) = postSolution
		SolutionGuid = {1ECFFEA1-22A0-4C74-A36B-12E64B9590CD}
	EndGlobalSection
EndGlobal
